
Microsoft Visual Studio Solution File, Format Version 11.00
# Visual Studio 2010
Project("{FAE04EC0-301F-11D3-BF4B-00C04F79EFBC}") = "Core", "Core\Core.csproj", "{1FBF96A6-E77A-4B91-ADFB-01502505E448}"
EndProject
Global
	GlobalSection(SolutionConfigurationPlatforms) = preSolution
		Debug|Any CPU = Debug|Any CPU
		Release|Any CPU = Release|Any CPU
	EndGlobalSection
	GlobalSection(ProjectConfigurationPlatforms) = postSolution
		{1FBF96A6-E77A-4B91-ADFB-01502505E448}.Debug|Any CPU.ActiveCfg = Debug|Any CPU
		{1FBF96A6-E77A-4B91-ADFB-01502505E448}.Debug|Any CPU.Build.0 = Debug|Any CPU
		{1FBF96A6-E77A-4B91-ADFB-01502505E448}.Release|Any CPU.ActiveCfg = Release|Any CPU
		{1FBF96A6-E77A-4B91-ADFB-01502505E448}.Release|Any CPU.Build.0 = Release|Any CPU
	EndGlobalSection
	GlobalSection(SolutionProperties) = preSolution
		HideSolutionNode = FALSE
	EndGlobalSection
EndGlobal
